
Microsoft Visual Studio Solution File, Format Version 12.00
# Visual Studio 2013
VisualStudioVersion = 12.0.31101.0
MinimumVisualStudioVersion = 10.0.40219.1
Project("{FAE04EC0-301F-11D3-BF4B-00C04F79EFBC}") = "Vault", "Vault\Vault.csproj", "{339C73A9-A8ED-4EA7-8601-643C03E5101B}"
EndProject
Project("{FAE04EC0-301F-11D3-BF4B-00C04F79EFBC}") = "SecretsVault", "SecretsVault\SecretsVault.csproj", "{04DCBDE5-BD83-47A2-A668-BC2DDFB27CF5}"
EndProject
Global
	GlobalSection(SolutionConfigurationPlatforms) = preSolution
		Debug|Any CPU = Debug|Any CPU
		Release|Any CPU = Release|Any CPU
	EndGlobalSection
	GlobalSection(ProjectConfigurationPlatforms) = postSolution
		{339C73A9-A8ED-4EA7-8601-643C03E5101B}.Debug|Any CPU.ActiveCfg = Debug|Any CPU
		{339C73A9-A8ED-4EA7-8601-643C03E5101B}.Debug|Any CPU.Build.0 = Debug|Any CPU
		{339C73A9-A8ED-4EA7-8601-643C03E5101B}.Release|Any CPU.ActiveCfg = Release|Any CPU
		{339C73A9-A8ED-4EA7-8601-643C03E5101B}.Release|Any CPU.Build.0 = Release|Any CPU
		{04DCBDE5-BD83-47A2-A668-BC2DDFB27CF5}.Debug|Any CPU.ActiveCfg = Debug|Any CPU
		{04DCBDE5-BD83-47A2-A668-BC2DDFB27CF5}.Debug|Any CPU.Build.0 = Debug|Any CPU
		{04DCBDE5-BD83-47A2-A668-BC2DDFB27CF5}.Release|Any CPU.ActiveCfg = Release|Any CPU
		{04DCBDE5-BD83-47A2-A668-BC2DDFB27CF5}.Release|Any CPU.Build.0 = Release|Any CPU
	EndGlobalSection
	GlobalSection(SolutionProperties) = preSolution
		HideSolutionNode = FALSE
	EndGlobalSection
EndGlobal
